
Microsoft Visual Studio Solution File, Format Version 12.00
# Visual Studio Version 17
VisualStudioVersion = 17.4.33403.182
MinimumVisualStudioVersion = 10.0.40219.1
Project("{FAE04EC0-301F-11D3-BF4B-00C04F79EFBC}") = "ClassMetotDemo", "ClassMetotDemo\ClassMetotDemo.csproj", "{EE1F984B-CF1C-4EB3-89A1-987EA78C9523}"
EndProject
Global
	GlobalSection(SolutionConfigurationPlatforms) = preSolution
		Debug|Any CPU = Debug|Any CPU
		Release|Any CPU = Release|Any CPU
	EndGlobalSection
	GlobalSection(ProjectConfigurationPlatforms) = postSolution
		{EE1F984B-CF1C-4EB3-89A1-987EA78C9523}.Debug|Any CPU.ActiveCfg = Debug|Any CPU
		{EE1F984B-CF1C-4EB3-89A1-987EA78C9523}.Debug|Any CPU.Build.0 = Debug|Any CPU
		{EE1F984B-CF1C-4EB3-89A1-987EA78C9523}.Release|Any CPU.ActiveCfg = Release|Any CPU
		{EE1F984B-CF1C-4EB3-89A1-987EA78C9523}.Release|Any CPU.Build.0 = Release|Any CPU
	EndGlobalSection
	GlobalSection(SolutionProperties) = preSolution
		HideSolutionNode = FALSE
	EndGlobalSection
	GlobalSection(ExtensibilityGlobals) = postSolution
		SolutionGuid = {F65B3D27-07F0-4AFD-BE3A-85CFA841CC45}
	EndGlobalSection
EndGlobal
